// !$*UTF8*$!
{
	archiveVersion = 1;
	classes = {
	};
	objectVersion = 50;
	objects = {

/* Begin PBXBuildFile section */
		AB7C6242262F9B2400381A71 /* AppDelegate.swift in Sources */ = {isa = PBXBuildFile; fileRef = AB7C6241262F9B2400381A71 /* AppDelegate.swift */; };
		AB7C6244262F9B2400381A71 /* SceneDelegate.swift in Sources */ = {isa = PBXBuildFile; fileRef = AB7C6243262F9B2400381A71 /* SceneDelegate.swift */; };
		AB7C6246262F9B2400381A71 /* ViewController.swift in Sources */ = {isa = PBXBuildFile; fileRef = AB7C6245262F9B2400381A71 /* ViewController.swift */; };
		AB7C6249262F9B2400381A71 /* Main.storyboard in Resources */ = {isa = PBXBuildFile; fileRef = AB7C6247262F9B2400381A71 /* Main.storyboard */; };
		AB7C624B262F9B2500381A71 /* Assets.xcassets in Resources */ = {isa = PBXBuildFile; fileRef = AB7C624A262F9B2500381A71 /* Assets.xcassets */; };
		AB7C624E262F9B2500381A71 /* LaunchScreen.storyboard in Resources */ = {isa = PBXBuildFile; fileRef = AB7C624C262F9B2500381A71 /* LaunchScreen.storyboard */; };
		AB7C6258262FA23300381A71 /* Popover.framework in Frameworks */ = {isa = PBXBuildFile; fileRef = AB7C6257262FA23300381A71 /* Popover.framework */; };
		AB7C625E262FA2E100381A71 /* TestView.xib in Resources */ = {isa = PBXBuildFile; fileRef = AB7C625D262FA2E100381A71 /* TestView.xib */; };
		AB7C6260262FA33200381A71 /* TestView.swift in Sources */ = {isa = PBXBuildFile; fileRef = AB7C625F262FA33200381A71 /* TestView.swift */; };
/* End PBXBuildFile section */

/* Begin PBXFileReference section */
		AB7C623E262F9B2400381A71 /* popover-test.app */ = {isa = PBXFileReference; explicitFileType = wrapper.application; includeInIndex = 0; path = "popover-test.app"; sourceTree = BUILT_PRODUCTS_DIR; };
		AB7C6241262F9B2400381A71 /* AppDelegate.swift */ = {isa = PBXFileReference; lastKnownFileType = sourcecode.swift; path = AppDelegate.swift; sourceTree = "<group>"; };
		AB7C6243262F9B2400381A71 /* SceneDelegate.swift */ = {isa = PBXFileReference; lastKnownFileType = sourcecode.swift; path = SceneDelegate.swift; sourceTree = "<group>"; };
		AB7C6245262F9B2400381A71 /* ViewController.swift */ = {isa = PBXFileReference; lastKnownFileType = sourcecode.swift; path = ViewController.swift; sourceTree = "<group>"; };
		AB7C6248262F9B2400381A71 /* Base */ = {isa = PBXFileReference; lastKnownFileType = file.storyboard; name = Base; path = Base.lproj/Main.storyboard; sourceTree = "<group>"; };
		AB7C624A262F9B2500381A71 /* Assets.xcassets */ = {isa = PBXFileReference; lastKnownFileType = folder.assetcatalog; path = Assets.xcassets; sourceTree = "<group>"; };
		AB7C624D262F9B2500381A71 /* Base */ = {isa = PBXFileReference; lastKnownFileType = file.storyboard; name = Base; path = Base.lproj/LaunchScreen.storyboard; sourceTree = "<group>"; };
		AB7C624F262F9B2500381A71 /* Info.plist */ = {isa = PBXFileReference; lastKnownFileType = text.plist.xml; path = Info.plist; sourceTree = "<group>"; };
		AB7C6257262FA23300381A71 /* Popover.framework */ = {isa = PBXFileReference; lastKnownFileType = wrapper.framework; name = Popover.framework; path = Carthage/Build/iOS/Popover.framework; sourceTree = "<group>"; };
		AB7C625D262FA2E100381A71 /* TestView.xib */ = {isa = PBXFileReference; lastKnownFileType = file.xib; path = TestView.xib; sourceTree = "<group>"; };
		AB7C625F262FA33200381A71 /* TestView.swift */ = {isa = PBXFileReference; lastKnownFileType = sourcecode.swift; path = TestView.swift; sourceTree = "<group>"; };
/* End PBXFileReference section */

/* Begin PBXFrameworksBuildPhase section */
		AB7C623B262F9B2400381A71 /* Frameworks */ = {
			isa = PBXFrameworksBuildPhase;
			buildActionMask = 2147483647;
			files = (
				AB7C6258262FA23300381A71 /* Popover.framework in Frameworks */,
			);
			runOnlyForDeploymentPostprocessing = 0;
		};
/* End PBXFrameworksBuildPhase section */

/* Begin PBXGroup section */
		AB7C6235262F9B2400381A71 = {
			isa = PBXGroup;
			children = (
				AB7C6240262F9B2400381A71 /* popover-test */,
				AB7C623F262F9B2400381A71 /* Products */,
				AB7C6256262FA23200381A71 /* Frameworks */,
			);
			sourceTree = "<group>";
		};
		AB7C623F262F9B2400381A71 /* Products */ = {
			isa = PBXGroup;
			children = (
				AB7C623E262F9B2400381A71 /* popover-test.app */,
			);
			name = Products;
			sourceTree = "<group>";
		};
		AB7C6240262F9B2400381A71 /* popover-test */ = {
			isa = PBXGroup;
			children = (
				AB7C625C262FA2D100381A71 /* xib */,
				AB7C6241262F9B2400381A71 /* AppDelegate.swift */,
				AB7C6243262F9B2400381A71 /* SceneDelegate.swift */,
				AB7C6245262F9B2400381A71 /* ViewController.swift */,
				AB7C6247262F9B2400381A71 /* Main.storyboard */,
				AB7C624A262F9B2500381A71 /* Assets.xcassets */,
				AB7C624C262F9B2500381A71 /* LaunchScreen.storyboard */,
				AB7C624F262F9B2500381A71 /* Info.plist */,
			);
			path = "popover-test";
			sourceTree = "<group>";
		};
		AB7C6256262FA23200381A71 /* Frameworks */ = {
			isa = PBXGroup;
			children = (
				AB7C6257262FA23300381A71 /* Popover.framework */,
			);
			name = Frameworks;
			sourceTree = "<group>";
		};
		AB7C625C262FA2D100381A71 /* xib */ = {
			isa = PBXGroup;
			children = (
				AB7C625D262FA2E100381A71 /* TestView.xib */,
				AB7C625F262FA33200381A71 /* TestView.swift */,
			);
			path = xib;
			sourceTree = "<group>";
		};
/* End PBXGroup section */

/* Begin PBXNativeTarget section */
		AB7C623D262F9B2400381A71 /* popover-test */ = {
			isa = PBXNativeTarget;
			buildConfigurationList = AB7C6252262F9B2500381A71 /* Build configuration list for PBXNativeTarget "popover-test" */;
			buildPhases = (
				AB7C623A262F9B2400381A71 /* Sources */,
				AB7C623B262F9B2400381A71 /* Frameworks */,
				AB7C623C262F9B2400381A71 /* Resources */,
				AB7C625B262FA23900381A71 /* ShellScript */,
			);
			buildRules = (
			);
			dependencies = (
			);
			name = "popover-test";
			productName = "popover-test";
			productReference = AB7C623E262F9B2400381A71 /* popover-test.app */;
			productType = "com.apple.product-type.application";
		};
/* End PBXNativeTarget section */

/* Begin PBXProject section */
		AB7C6236262F9B2400381A71 /* Project object */ = {
			isa = PBXProject;
			attributes = {
				LastSwiftUpdateCheck = 1240;
				LastUpgradeCheck = 1240;
				TargetAttributes = {
					AB7C623D262F9B2400381A71 = {
						CreatedOnToolsVersion = 12.4;
					};
				};
			};
			buildConfigurationList = AB7C6239262F9B2400381A71 /* Build configuration list for PBXProject "popover-test" */;
			compatibilityVersion = "Xcode 9.3";
			developmentRegion = en;
			hasScannedForEncodings = 0;
			knownRegions = (
				en,
				Base,
			);
			mainGroup = AB7C6235262F9B2400381A71;
			productRefGroup = AB7C623F262F9B2400381A71 /* Products */;
			projectDirPath = "";
			projectRoot = "";
			targets = (
				AB7C623D262F9B2400381A71 /* popover-test */,
			);
		};
/* End PBXProject section */

/* Begin PBXResourcesBuildPhase section */
		AB7C623C262F9B2400381A71 /* Resources */ = {
			isa = PBXResourcesBuildPhase;
			buildActionMask = 2147483647;
			files = (
				AB7C625E262FA2E100381A71 /* TestView.xib in Resources */,
				AB7C624E262F9B2500381A71 /* LaunchScreen.storyboard in Resources */,
				AB7C624B262F9B2500381A71 /* Assets.xcassets in Resources */,
				AB7C6249262F9B2400381A71 /* Main.storyboard in Resources */,
			);
			runOnlyForDeploymentPostprocessing = 0;
		};
/* End PBXResourcesBuildPhase section */

/* Begin PBXShellScriptBuildPhase section */
		AB7C625B262FA23900381A71 /* ShellScript */ = {
			isa = PBXShellScriptBuildPhase;
			buildActionMask = 2147483647;
			files = (
			);
			inputFileListPaths = (
			);
			inputPaths = (
				"$(SRCROOT)/Carthage/Build/iOS/Popover.framework",
			);
			outputFileListPaths = (
			);
			outputPaths = (
			);
			runOnlyForDeploymentPostprocessing = 0;
			shellPath = /bin/sh;
			shellScript = "/usr/local/bin/carthage copy-frameworks\n";
		};
/* End PBXShellScriptBuildPhase section */

/* Begin PBXSourcesBuildPhase section */
		AB7C623A262F9B2400381A71 /* Sources */ = {
			isa = PBXSourcesBuildPhase;
			buildActionMask = 2147483647;
			files = (
				AB7C6260262FA33200381A71 /* TestView.swift in Sources */,
				AB7C6246262F9B2400381A71 /* ViewController.swift in Sources */,
				AB7C6242262F9B2400381A71 /* AppDelegate.swift in Sources */,
				AB7C6244262F9B2400381A71 /* SceneDelegate.swift in Sources */,
			);
			runOnlyForDeploymentPostprocessing = 0;
		};
/* End PBXSourcesBuildPhase section */

/* Begin PBXVariantGroup section */
		AB7C6247262F9B2400381A71 /* Main.storyboard */ = {
			isa = PBXVariantGroup;
			children = (
				AB7C6248262F9B2400381A71 /* Base */,
			);
			name = Main.storyboard;
			sourceTree = "<group>";
		};
		AB7C624C262F9B2500381A71 /* LaunchScreen.storyboard */ = {
			isa = PBXVariantGroup;
			children = (
				AB7C624D262F9B2500381A71 /* Base */,
			);
			name = LaunchScreen.storyboard;
			sourceTree = "<group>";
		};
/* End PBXVariantGroup section */

/* Begin XCBuildConfiguration section */
		AB7C6250262F9B2500381A71 /* Debug */ = {
			isa = XCBuildConfiguration;
			buildSettings = {
				ALWAYS_SEARCH_USER_PATHS = NO;
				CLANG_ANALYZER_NONNULL = YES;
				CLANG_ANALYZER_NUMBER_OBJECT_CONVERSION = YES_AGGRESSIVE;
				CLANG_CXX_LANGUAGE_STANDARD = "gnu++14";
				CLANG_CXX_LIBRARY = "libc++";
				CLANG_ENABLE_MODULES = YES;
				CLANG_ENABLE_OBJC_ARC = YES;
				CLANG_ENABLE_OBJC_WEAK = YES;
				CLANG_WARN_BLOCK_CAPTURE_AUTORELEASING = YES;
				CLANG_WARN_BOOL_CONVERSION = YES;
				CLANG_WARN_COMMA = YES;
				CLANG_WARN_CONSTANT_CONVERSION = YES;
				CLANG_WARN_DEPRECATED_OBJC_IMPLEMENTATIONS = YES;
				CLANG_WARN_DIRECT_OBJC_ISA_USAGE = YES_ERROR;
				CLANG_WARN_DOCUMENTATION_COMMENTS = YES;
				CLANG_WARN_EMPTY_BODY = YES;
				CLANG_WARN_ENUM_CONVERSION = YES;
				CLANG_WARN_INFINITE_RECURSION = YES;
				CLANG_WARN_INT_CONVERSION = YES;
				CLANG_WARN_NON_LITERAL_NULL_CONVERSION = YES;
				CLANG_WARN_OBJC_IMPLICIT_RETAIN_SELF = YES;
				CLANG_WARN_OBJC_LITERAL_CONVERSION = YES;
				CLANG_WARN_OBJC_ROOT_CLASS = YES_ERROR;
				CLANG_WARN_QUOTED_INCLUDE_IN_FRAMEWORK_HEADER = YES;
				CLANG_WARN_RANGE_LOOP_ANALYSIS = YES;
				CLANG_WARN_STRICT_PROTOTYPES = YES;
				CLANG_WARN_SUSPICIOUS_MOVE = YES;
				CLANG_WARN_UNGUARDED_AVAILABILITY = YES_AGGRESSIVE;
				CLANG_WARN_UNREACHABLE_CODE = YES;
				CLANG_WARN__DUPLICATE_METHOD_MATCH = YES;
				COPY_PHASE_STRIP = NO;
				DEBUG_INFORMATION_FORMAT = dwarf;
				ENABLE_STRICT_OBJC_MSGSEND = YES;
				ENABLE_TESTABILITY = YES;
				GCC_C_LANGUAGE_STANDARD = gnu11;
				GCC_DYNAMIC_NO_PIC = NO;
				GCC_NO_COMMON_BLOCKS = YES;
				GCC_OPTIMIZATION_LEVEL = 0;
				GCC_PREPROCESSOR_DEFINITIONS = (
					"DEBUG=1",
					"$(inherited)",
				);
				GCC_WARN_64_TO_32_BIT_CONVERSION = YES;
				GCC_WARN_ABOUT_RETURN_TYPE = YES_ERROR;
				GCC_WARN_UNDECLARED_SELECTOR = YES;
				GCC_WARN_UNINITIALIZED_AUTOS = YES_AGGRESSIVE;
				GCC_WARN_UNUSED_FUNCTION = YES;
				GCC_WARN_UNUSED_VARIABLE = YES;
				IPHONEOS_DEPLOYMENT_TARGET = 14.4;
				MTL_ENABLE_DEBUG_INFO = INCLUDE_SOURCE;
				MTL_FAST_MATH = YES;
				ONLY_ACTIVE_ARCH = YES;
				SDKROOT = iphoneos;
				SWIFT_ACTIVE_COMPILATION_CONDITIONS = DEBUG;
				SWIFT_OPTIMIZATION_LEVEL = "-Onone";
			};
			name = Debug;
		};
		AB7C6251262F9B2500381A71 /* Release */ = {
			isa = XCBuildConfiguration;
			buildSettings = {
				ALWAYS_SEARCH_USER_PATHS = NO;
				CLANG_ANALYZER_NONNULL = YES;
				CLANG_ANALYZER_NUMBER_OBJECT_CONVERSION = YES_AGGRESSIVE;
				CLANG_CXX_LANGUAGE_STANDARD = "gnu++14";
				CLANG_CXX_LIBRARY = "libc++";
				CLANG_ENABLE_MODULES = YES;
				CLANG_ENABLE_OBJC_ARC = YES;
				CLANG_ENABLE_OBJC_WEAK = YES;
				CLANG_WARN_BLOCK_CAPTURE_AUTORELEASING = YES;
				CLANG_WARN_BOOL_CONVERSION = YES;
				CLANG_WARN_COMMA = YES;
				CLANG_WARN_CONSTANT_CONVERSION = YES;
				CLANG_WARN_DEPRECATED_OBJC_IMPLEMENTATIONS = YES;
				CLANG_WARN_DIRECT_OBJC_ISA_USAGE = YES_ERROR;
				CLANG_WARN_DOCUMENTATION_COMMENTS = YES;
				CLANG_WARN_EMPTY_BODY = YES;
				CLANG_WARN_ENUM_CONVERSION = YES;
				CLANG_WARN_INFINITE_RECURSION = YES;
				CLANG_WARN_INT_CONVERSION = YES;
				CLANG_WARN_NON_LITERAL_NULL_CONVERSION = YES;
				CLANG_WARN_OBJC_IMPLICIT_RETAIN_SELF = YES;
				CLANG_WARN_OBJC_LITERAL_CONVERSION = YES;
				CLANG_WARN_OBJC_ROOT_CLASS = YES_ERROR;
				CLANG_WARN_QUOTED_INCLUDE_IN_FRAMEWORK_HEADER = YES;
				CLANG_WARN_RANGE_LOOP_ANALYSIS = YES;
				CLANG_WARN_STRICT_PROTOTYPES = YES;
				CLANG_WARN_SUSPICIOUS_MOVE = YES;
				CLANG_WARN_UNGUARDED_AVAILABILITY = YES_AGGRESSIVE;
				CLANG_WARN_UNREACHABLE_CODE = YES;
				CLANG_WARN__DUPLICATE_METHOD_MATCH = YES;
				COPY_PHASE_STRIP = NO;
				DEBUG_INFORMATION_FORMAT = "dwarf-with-dsym";
				ENABLE_NS_ASSERTIONS = NO;
				ENABLE_STRICT_OBJC_MSGSEND = YES;
				GCC_C_LANGUAGE_STANDARD = gnu11;
				GCC_NO_COMMON_BLOCKS = YES;
				GCC_WARN_64_TO_32_BIT_CONVERSION = YES;
				GCC_WARN_ABOUT_RETURN_TYPE = YES_ERROR;
				GCC_WARN_UNDECLARED_SELECTOR = YES;
				GCC_WARN_UNINITIALIZED_AUTOS = YES_AGGRESSIVE;
				GCC_WARN_UNUSED_FUNCTION = YES;
				GCC_WARN_UNUSED_VARIABLE = YES;
				IPHONEOS_DEPLOYMENT_TARGET = 14.4;
				MTL_ENABLE_DEBUG_INFO = NO;
				MTL_FAST_MATH = YES;
				SDKROOT = iphoneos;
				SWIFT_COMPILATION_MODE = wholemodule;
				SWIFT_OPTIMIZATION_LEVEL = "-O";
				VALIDATE_PRODUCT = YES;
			};
			name = Release;
		};
		AB7C6253262F9B2500381A71 /* Debug */ = {
			isa = XCBuildConfiguration;
			buildSettings = {
				ASSETCATALOG_COMPILER_APPICON_NAME = AppIcon;
				ASSETCATALOG_COMPILER_GLOBAL_ACCENT_COLOR_NAME = AccentColor;
				CODE_SIGN_STYLE = Automatic;
				DEVELOPMENT_TEAM = A35C8K4BJS;
				FRAMEWORK_SEARCH_PATHS = (
					"$(inherited)",
					"$(PROJECT_DIR)/Carthage/Build/iOS",
				);
				INFOPLIST_FILE = "popover-test/Info.plist";
				LD_RUNPATH_SEARCH_PATHS = (
					"$(inherited)",
					"@executable_path/Frameworks",
				);
				PRODUCT_BUNDLE_IDENTIFIER = "pinfradev.popover-test";
				PRODUCT_NAME = "$(TARGET_NAME)";
				SWIFT_VERSION = 5.0;
				TARGETED_DEVICE_FAMILY = "1,2";
			};
			name = Debug;
		};
		AB7C6254262F9B2500381A71 /* Release */ = {
			isa = XCBuildConfiguration;
			buildSettings = {
				ASSETCATALOG_COMPILER_APPICON_NAME = AppIcon;
				ASSETCATALOG_COMPILER_GLOBAL_ACCENT_COLOR_NAME = AccentColor;
				CODE_SIGN_STYLE = Automatic;
				DEVELOPMENT_TEAM = A35C8K4BJS;
				FRAMEWORK_SEARCH_PATHS = (
					"$(inherited)",
					"$(PROJECT_DIR)/Carthage/Build/iOS",
				);
				INFOPLIST_FILE = "popover-test/Info.plist";
				LD_RUNPATH_SEARCH_PATHS = (
					"$(inherited)",
					"@executable_path/Frameworks",
				);
				PRODUCT_BUNDLE_IDENTIFIER = "pinfradev.popover-test";
				PRODUCT_NAME = "$(TARGET_NAME)";
				SWIFT_VERSION = 5.0;
				TARGETED_DEVICE_FAMILY = "1,2";
			};
			name = Release;
		};
/* End XCBuildConfiguration section */

/* Begin XCConfigurationList section */
		AB7C6239262F9B2400381A71 /* Build configuration list for PBXProject "popover-test" */ = {
			isa = XCConfigurationList;
			buildConfigurations = (
				AB7C6250262F9B2500381A71 /* Debug */,
				AB7C6251262F9B2500381A71 /* Release */,
			);
			defaultConfigurationIsVisible = 0;
			defaultConfigurationName = Release;
		};
		AB7C6252262F9B2500381A71 /* Build configuration list for PBXNativeTarget "popover-test" */ = {
			isa = XCConfigurationList;
			buildConfigurations = (
				AB7C6253262F9B2500381A71 /* Debug */,
				AB7C6254262F9B2500381A71 /* Release */,
			);
			defaultConfigurationIsVisible = 0;
			defaultConfigurationName = Release;
		};
/* End XCConfigurationList section */
	};
	rootObject = AB7C6236262F9B2400381A71 /* Project object */;
}
